
Microsoft Visual Studio Solution File, Format Version 12.00
# Visual Studio 15
VisualStudioVersion = 15.0.28307.852
MinimumVisualStudioVersion = 10.0.40219.1
Project("{FAE04EC0-301F-11D3-BF4B-00C04F79EFBC}") = "SameSiteFramework", "SameSiteFramework\SameSiteFramework.csproj", "{B5D67B1D-4373-4357-B336-2637A4647A98}"
EndProject
Project("{2150E333-8FDC-42A3-9474-1A3956D46DE8}") = "Solution Items", "Solution Items", "{F52E1487-45A6-4715-8F8E-1DFFA3BB0DAE}"
	ProjectSection(SolutionItems) = preProject
		.gitignore = .gitignore
	EndProjectSection
EndProject
Global
	GlobalSection(SolutionConfigurationPlatforms) = preSolution
		Debug|Any CPU = Debug|Any CPU
		Release|Any CPU = Release|Any CPU
	EndGlobalSection
	GlobalSection(ProjectConfigurationPlatforms) = postSolution
		{B5D67B1D-4373-4357-B336-2637A4647A98}.Debug|Any CPU.ActiveCfg = Debug|Any CPU
		{B5D67B1D-4373-4357-B336-2637A4647A98}.Debug|Any CPU.Build.0 = Debug|Any CPU
		{B5D67B1D-4373-4357-B336-2637A4647A98}.Release|Any CPU.ActiveCfg = Release|Any CPU
		{B5D67B1D-4373-4357-B336-2637A4647A98}.Release|Any CPU.Build.0 = Release|Any CPU
	EndGlobalSection
	GlobalSection(SolutionProperties) = preSolution
		HideSolutionNode = FALSE
	EndGlobalSection
	GlobalSection(ExtensibilityGlobals) = postSolution
		SolutionGuid = {466AA54D-D103-408C-8F2C-76E4B8C223BF}
	EndGlobalSection
EndGlobal
